
Microsoft Visual Studio Solution File, Format Version 12.00
# Visual Studio Version 17
VisualStudioVersion = 17.14.37614.0 d17.14
MinimumVisualStudioVersion = 10.0.40219.1
Project("{FAE04EC0-301F-11D3-BF4B-00C04F79EFBC}") = "WLSPL_ERP_CRM", "WLSPL_ERP_CRM.csproj", "{05B27303-0E9E-4014-82D7-E81680E121D3}"
EndProject
Global
	GlobalSection(SolutionConfigurationPlatforms) = preSolution
		Debug|Any CPU = Debug|Any CPU
		Release|Any CPU = Release|Any CPU
	EndGlobalSection
	GlobalSection(ProjectConfigurationPlatforms) = postSolution
		{05B27303-0E9E-4014-82D7-E81680E121D3}.Debug|Any CPU.ActiveCfg = Debug|Any CPU
		{05B27303-0E9E-4014-82D7-E81680E121D3}.Debug|Any CPU.Build.0 = Debug|Any CPU
		{05B27303-0E9E-4014-82D7-E81680E121D3}.Release|Any CPU.ActiveCfg = Release|Any CPU
		{05B27303-0E9E-4014-82D7-E81680E121D3}.Release|Any CPU.Build.0 = Release|Any CPU
	EndGlobalSection
	GlobalSection(SolutionProperties) = preSolution
		HideSolutionNode = FALSE
	EndGlobalSection
	GlobalSection(ExtensibilityGlobals) = postSolution
		SolutionGuid = {A2411850-402B-4C4D-BFE3-2F758DA3DE79}
	EndGlobalSection
EndGlobal
